
Microsoft Visual Studio Solution File, Format Version 12.00
# Visual Studio Version 17
VisualStudioVersion = 17.7.34024.191
MinimumVisualStudioVersion = 10.0.40219.1
Project("{FAE04EC0-301F-11D3-BF4B-00C04F79EFBC}") = "C#BankomatApplication", "C#BankomatApplication\C#BankomatApplication.csproj", "{C981A659-A688-4240-923D-1788725A349B}"
EndProject
Global
	GlobalSection(SolutionConfigurationPlatforms) = preSolution
		Debug|Any CPU = Debug|Any CPU
		Release|Any CPU = Release|Any CPU
	EndGlobalSection
	GlobalSection(ProjectConfigurationPlatforms) = postSolution
		{C981A659-A688-4240-923D-1788725A349B}.Debug|Any CPU.ActiveCfg = Debug|Any CPU
		{C981A659-A688-4240-923D-1788725A349B}.Debug|Any CPU.Build.0 = Debug|Any CPU
		{C981A659-A688-4240-923D-1788725A349B}.Release|Any CPU.ActiveCfg = Release|Any CPU
		{C981A659-A688-4240-923D-1788725A349B}.Release|Any CPU.Build.0 = Release|Any CPU
	EndGlobalSection
	GlobalSection(SolutionProperties) = preSolution
		HideSolutionNode = FALSE
	EndGlobalSection
	GlobalSection(ExtensibilityGlobals) = postSolution
		SolutionGuid = {E88B7F75-5BF3-4E71-9DD3-B090CAEF92A8}
	EndGlobalSection
EndGlobal
